PODS:
  - CryptoSwift (1.8.2)
  - FlashLiveness (1.0.0)
  - KeychainSwift (19.0.0)
  - ObjectMapper (4.2.0)
  - OpenSSL-Universal (1.1.2200)
  - QTSCardReader (1.1.6):
    - CryptoSwift (~> 1.8.2)
    - KeychainSwift (~> 19.0)
    - ObjectMapper (~> 4.2)
    - OpenSSL-Universal (~> 1.1.1100)
    - SignManager (~> 1.0.5)
  - SignManager (1.0.6)
  - SVProgressHUD (2.2.5)

DEPENDENCIES:
  - FlashLiveness (from `https://github.com/stevienguyen1988/FlashLivenessPod.git`)
  - QTSCardReader (from `https://github.com/trungnguyen1791/QTSCardReader.git`)
  - SVProgressHUD

SPEC REPOS:
  trunk:
    - CryptoSwift
    - KeychainSwift
    - ObjectMapper
    - OpenSSL-Universal
    - SignManager
    - SVProgressHUD

EXTERNAL SOURCES:
  FlashLiveness:
    :git: https://github.com/stevienguyen1988/FlashLivenessPod.git
  QTSCardReader:
    :git: https://github.com/trungnguyen1791/QTSCardReader.git

CHECKOUT OPTIONS:
  FlashLiveness:
    :commit: fdfc4c6724e28c21540e598278a4110a908e2ece
    :git: https://github.com/stevienguyen1988/FlashLivenessPod.git
  QTSCardReader:
    :commit: e6a8d34cea5eafd89bafff192edc0ad5e4fa51bf
    :git: https://github.com/trungnguyen1791/QTSCardReader.git

SPEC CHECKSUMS:
  CryptoSwift: c63a805d8bb5e5538e88af4e44bb537776af11ea
  FlashLiveness: cefa59de43cf850e6b82b2f9315440391a16aea7
  KeychainSwift: a06190cf933ad46b1e0abc3d77d29c06331715c7
  ObjectMapper: 1eb41f610210777375fa806bf161dc39fb832b81
  OpenSSL-Universal: 6e1ae0555546e604dbc632a2b9a24a9c46c41ef6
  QTSCardReader: caf183313914589d9c6c5dc02739774428469219
  SignManager: 67d0f04ff3695c1dde7c056bc9ba09de0db2f806
  SVProgressHUD: 1428aafac632c1f86f62aa4243ec12008d7a51d6

PODFILE CHECKSUM: fb1c9726edf7834fa6ed4cd18ba8e28f042009e9

COCOAPODS: 1.15.2
